
Microsoft Visual Studio Solution File, Format Version 12.00
# Visual Studio Version 17
VisualStudioVersion = 17.11.35222.181
MinimumVisualStudioVersion = 10.0.40219.1
Project("{FAE04EC0-301F-11D3-BF4B-00C04F79EFBC}") = "Leccion29", "Leccion29.csproj", "{B075A4BB-1380-4AB2-8A12-EDAE2B309F17}"
EndProject
Global
	GlobalSection(SolutionConfigurationPlatforms) = preSolution
		Debug|Any CPU = Debug|Any CPU
		Release|Any CPU = Release|Any CPU
	EndGlobalSection
	GlobalSection(ProjectConfigurationPlatforms) = postSolution
		{B075A4BB-1380-4AB2-8A12-EDAE2B309F17}.Debug|Any CPU.ActiveCfg = Debug|Any CPU
		{B075A4BB-1380-4AB2-8A12-EDAE2B309F17}.Debug|Any CPU.Build.0 = Debug|Any CPU
		{B075A4BB-1380-4AB2-8A12-EDAE2B309F17}.Release|Any CPU.ActiveCfg = Release|Any CPU
		{B075A4BB-1380-4AB2-8A12-EDAE2B309F17}.Release|Any CPU.Build.0 = Release|Any CPU
	EndGlobalSection
	GlobalSection(SolutionProperties) = preSolution
		HideSolutionNode = FALSE
	EndGlobalSection
	GlobalSection(ExtensibilityGlobals) = postSolution
		SolutionGuid = {382C5633-218D-4A50-9EF2-B0FD73ECB63A}
	EndGlobalSection
EndGlobal
